// !$*UTF8*$!
{
	archiveVersion = 1;
	classes = {
	};
	objectVersion = 46;
	objects = {

/* Begin PBXBuildFile section */
		4C64140C1DE8E1A2000571EC /* AppDelegate.swift in Sources */ = {isa = PBXBuildFile; fileRef = 4C64140B1DE8E1A2000571EC /* AppDelegate.swift */; };
		4C64140E1DE8E1A2000571EC /* ViewController.swift in Sources */ = {isa = PBXBuildFile; fileRef = 4C64140D1DE8E1A2000571EC /* ViewController.swift */; };
		4C6414111DE8E1A2000571EC /* Main.storyboard in Resources */ = {isa = PBXBuildFile; fileRef = 4C64140F1DE8E1A2000571EC /* Main.storyboard */; };
		4C6414131DE8E1A2000571EC /* Assets.xcassets in Resources */ = {isa = PBXBuildFile; fileRef = 4C6414121DE8E1A2000571EC /* Assets.xcassets */; };
		4C6414161DE8E1A2000571EC /* LaunchScreen.storyboard in Resources */ = {isa = PBXBuildFile; fileRef = 4C6414141DE8E1A2000571EC /* LaunchScreen.storyboard */; };
		4C6414211DE8E1A2000571EC /* Tour_HarvardTests.swift in Sources */ = {isa = PBXBuildFile; fileRef = 4C6414201DE8E1A2000571EC /* Tour_HarvardTests.swift */; };
		4C64142C1DE8E1A2000571EC /* Tour_HarvardUITests.swift in Sources */ = {isa = PBXBuildFile; fileRef = 4C64142B1DE8E1A2000571EC /* Tour_HarvardUITests.swift */; };
/* End PBXBuildFile section */

/* Begin PBXContainerItemProxy section */
		4C64141D1DE8E1A2000571EC /* PBXContainerItemProxy */ = {
			isa = PBXContainerItemProxy;
			containerPortal = 4C6414001DE8E1A1000571EC /* Project object */;
			proxyType = 1;
			remoteGlobalIDString = 4C6414071DE8E1A1000571EC;
			remoteInfo = "Tour Harvard";
		};
		4C6414281DE8E1A2000571EC /* PBXContainerItemProxy */ = {
			isa = PBXContainerItemProxy;
			containerPortal = 4C6414001DE8E1A1000571EC /* Project object */;
			proxyType = 1;
			remoteGlobalIDString = 4C6414071DE8E1A1000571EC;
			remoteInfo = "Tour Harvard";
		};
/* End PBXContainerItemProxy section */

/* Begin PBXFileReference section */
		4C6414081DE8E1A2000571EC /* Tour Harvard.app */ = {isa = PBXFileReference; explicitFileType = wrapper.application; includeInIndex = 0; path = "Tour Harvard.app"; sourceTree = BUILT_PRODUCTS_DIR; };
		4C64140B1DE8E1A2000571EC /* AppDelegate.swift */ = {isa = PBXFileReference; lastKnownFileType = sourcecode.swift; path = AppDelegate.swift; sourceTree = "<group>"; };
		4C64140D1DE8E1A2000571EC /* ViewController.swift */ = {isa = PBXFileReference; lastKnownFileType = sourcecode.swift; path = ViewController.swift; sourceTree = "<group>"; };
		4C6414101DE8E1A2000571EC /* Base */ = {isa = PBXFileReference; lastKnownFileType = file.storyboard; name = Base; path = Base.lproj/Main.storyboard; sourceTree = "<group>"; };
		4C6414121DE8E1A2000571EC /* Assets.xcassets */ = {isa = PBXFileReference; lastKnownFileType = folder.assetcatalog; path = Assets.xcassets; sourceTree = "<group>"; };
		4C6414151DE8E1A2000571EC /* Base */ = {isa = PBXFileReference; lastKnownFileType = file.storyboard; name = Base; path = Base.lproj/LaunchScreen.storyboard; sourceTree = "<group>"; };
		4C6414171DE8E1A2000571EC /* Info.plist */ = {isa = PBXFileReference; lastKnownFileType = text.plist.xml; path = Info.plist; sourceTree = "<group>"; };
		4C64141C1DE8E1A2000571EC /* Tour HarvardTests.xctest */ = {isa = PBXFileReference; explicitFileType = wrapper.cfbundle; includeInIndex = 0; path = "Tour HarvardTests.xctest"; sourceTree = BUILT_PRODUCTS_DIR; };
		4C6414201DE8E1A2000571EC /* Tour_HarvardTests.swift */ = {isa = PBXFileReference; lastKnownFileType = sourcecode.swift; path = Tour_HarvardTests.swift; sourceTree = "<group>"; };
		4C6414221DE8E1A2000571EC /* Info.plist */ = {isa = PBXFileReference; lastKnownFileType = text.plist.xml; path = Info.plist; sourceTree = "<group>"; };
		4C6414271DE8E1A2000571EC /* Tour HarvardUITests.xctest */ = {isa = PBXFileReference; explicitFileType = wrapper.cfbundle; includeInIndex = 0; path = "Tour HarvardUITests.xctest"; sourceTree = BUILT_PRODUCTS_DIR; };
		4C64142B1DE8E1A2000571EC /* Tour_HarvardUITests.swift */ = {isa = PBXFileReference; lastKnownFileType = sourcecode.swift; path = Tour_HarvardUITests.swift; sourceTree = "<group>"; };
		4C64142D1DE8E1A2000571EC /* Info.plist */ = {isa = PBXFileReference; lastKnownFileType = text.plist.xml; path = Info.plist; sourceTree = "<group>"; };
/* End PBXFileReference section */

/* Begin PBXFrameworksBuildPhase section */
		4C6414051DE8E1A1000571EC /* Frameworks */ = {
			isa = PBXFrameworksBuildPhase;
			buildActionMask = 2147483647;
			files = (
			);
			runOnlyForDeploymentPostprocessing = 0;
		};
		4C6414191DE8E1A2000571EC /* Frameworks */ = {
			isa = PBXFrameworksBuildPhase;
			buildActionMask = 2147483647;
			files = (
			);
			runOnlyForDeploymentPostprocessing = 0;
		};
		4C6414241DE8E1A2000571EC /* Frameworks */ = {
			isa = PBXFrameworksBuildPhase;
			buildActionMask = 2147483647;
			files = (
			);
			runOnlyForDeploymentPostprocessing = 0;
		};
/* End PBXFrameworksBuildPhase section */

/* Begin PBXGroup section */
		4C6413FF1DE8E1A1000571EC = {
			isa = PBXGroup;
			children = (
				4C64140A1DE8E1A2000571EC /* Tour Harvard */,
				4C64141F1DE8E1A2000571EC /* Tour HarvardTests */,
				4C64142A1DE8E1A2000571EC /* Tour HarvardUITests */,
				4C6414091DE8E1A2000571EC /* Products */,
			);
			sourceTree = "<group>";
		};
		4C6414091DE8E1A2000571EC /* Products */ = {
			isa = PBXGroup;
			children = (
				4C6414081DE8E1A2000571EC /* Tour Harvard.app */,
				4C64141C1DE8E1A2000571EC /* Tour HarvardTests.xctest */,
				4C6414271DE8E1A2000571EC /* Tour HarvardUITests.xctest */,
			);
			name = Products;
			sourceTree = "<group>";
		};
		4C64140A1DE8E1A2000571EC /* Tour Harvard */ = {
			isa = PBXGroup;
			children = (
				4C64140B1DE8E1A2000571EC /* AppDelegate.swift */,
				4C64140D1DE8E1A2000571EC /* ViewController.swift */,
				4C64140F1DE8E1A2000571EC /* Main.storyboard */,
				4C6414121DE8E1A2000571EC /* Assets.xcassets */,
				4C6414141DE8E1A2000571EC /* LaunchScreen.storyboard */,
				4C6414171DE8E1A2000571EC /* Info.plist */,
			);
			path = "Tour Harvard";
			sourceTree = "<group>";
		};
		4C64141F1DE8E1A2000571EC /* Tour HarvardTests */ = {
			isa = PBXGroup;
			children = (
				4C6414201DE8E1A2000571EC /* Tour_HarvardTests.swift */,
				4C6414221DE8E1A2000571EC /* Info.plist */,
			);
			path = "Tour HarvardTests";
			sourceTree = "<group>";
		};
		4C64142A1DE8E1A2000571EC /* Tour HarvardUITests */ = {
			isa = PBXGroup;
			children = (
				4C64142B1DE8E1A2000571EC /* Tour_HarvardUITests.swift */,
				4C64142D1DE8E1A2000571EC /* Info.plist */,
			);
			path = "Tour HarvardUITests";
			sourceTree = "<group>";
		};
/* End PBXGroup section */

/* Begin PBXNativeTarget section */
		4C6414071DE8E1A1000571EC /* Tour Harvard */ = {
			isa = PBXNativeTarget;
			buildConfigurationList = 4C6414301DE8E1A2000571EC /* Build configuration list for PBXNativeTarget "Tour Harvard" */;
			buildPhases = (
				4C6414041DE8E1A1000571EC /* Sources */,
				4C6414051DE8E1A1000571EC /* Frameworks */,
				4C6414061DE8E1A1000571EC /* Resources */,
			);
			buildRules = (
			);
			dependencies = (
			);
			name = "Tour Harvard";
			productName = "Tour Harvard";
			productReference = 4C6414081DE8E1A2000571EC /* Tour Harvard.app */;
			productType = "com.apple.product-type.application";
		};
		4C64141B1DE8E1A2000571EC /* Tour HarvardTests */ = {
			isa = PBXNativeTarget;
			buildConfigurationList = 4C6414331DE8E1A2000571EC /* Build configuration list for PBXNativeTarget "Tour HarvardTests" */;
			buildPhases = (
				4C6414181DE8E1A2000571EC /* Sources */,
				4C6414191DE8E1A2000571EC /* Frameworks */,
				4C64141A1DE8E1A2000571EC /* Resources */,
			);
			buildRules = (
			);
			dependencies = (
				4C64141E1DE8E1A2000571EC /* PBXTargetDependency */,
			);
			name = "Tour HarvardTests";
			productName = "Tour HarvardTests";
			productReference = 4C64141C1DE8E1A2000571EC /* Tour HarvardTests.xctest */;
			productType = "com.apple.product-type.bundle.unit-test";
		};
		4C6414261DE8E1A2000571EC /* Tour HarvardUITests */ = {
			isa = PBXNativeTarget;
			buildConfigurationList = 4C6414361DE8E1A2000571EC /* Build configuration list for PBXNativeTarget "Tour HarvardUITests" */;
			buildPhases = (
				4C6414231DE8E1A2000571EC /* Sources */,
				4C6414241DE8E1A2000571EC /* Frameworks */,
				4C6414251DE8E1A2000571EC /* Resources */,
			);
			buildRules = (
			);
			dependencies = (
				4C6414291DE8E1A2000571EC /* PBXTargetDependency */,
			);
			name = "Tour HarvardUITests";
			productName = "Tour HarvardUITests";
			productReference = 4C6414271DE8E1A2000571EC /* Tour HarvardUITests.xctest */;
			productType = "com.apple.product-type.bundle.ui-testing";
		};
/* End PBXNativeTarget section */

/* Begin PBXProject section */
		4C6414001DE8E1A1000571EC /* Project object */ = {
			isa = PBXProject;
			attributes = {
				LastSwiftUpdateCheck = 0810;
				LastUpgradeCheck = 0810;
				ORGANIZATIONNAME = "The Boys";
				TargetAttributes = {
					4C6414071DE8E1A1000571EC = {
						CreatedOnToolsVersion = 8.1;
						ProvisioningStyle = Automatic;
					};
					4C64141B1DE8E1A2000571EC = {
						CreatedOnToolsVersion = 8.1;
						ProvisioningStyle = Automatic;
						TestTargetID = 4C6414071DE8E1A1000571EC;
					};
					4C6414261DE8E1A2000571EC = {
						CreatedOnToolsVersion = 8.1;
						ProvisioningStyle = Automatic;
						TestTargetID = 4C6414071DE8E1A1000571EC;
					};
				};
			};
			buildConfigurationList = 4C6414031DE8E1A1000571EC /* Build configuration list for PBXProject "Tour Harvard" */;
			compatibilityVersion = "Xcode 3.2";
			developmentRegion = English;
			hasScannedForEncodings = 0;
			knownRegions = (
				en,
				Base,
			);
			mainGroup = 4C6413FF1DE8E1A1000571EC;
			productRefGroup = 4C6414091DE8E1A2000571EC /* Products */;
			projectDirPath = "";
			projectRoot = "";
			targets = (
				4C6414071DE8E1A1000571EC /* Tour Harvard */,
				4C64141B1DE8E1A2000571EC /* Tour HarvardTests */,
				4C6414261DE8E1A2000571EC /* Tour HarvardUITests */,
			);
		};
/* End PBXProject section */

/* Begin PBXResourcesBuildPhase section */
		4C6414061DE8E1A1000571EC /* Resources */ = {
			isa = PBXResourcesBuildPhase;
			buildActionMask = 2147483647;
			files = (
				4C6414161DE8E1A2000571EC /* LaunchScreen.storyboard in Resources */,
				4C6414131DE8E1A2000571EC /* Assets.xcassets in Resources */,
				4C6414111DE8E1A2000571EC /* Main.storyboard in Resources */,
			);
			runOnlyForDeploymentPostprocessing = 0;
		};
		4C64141A1DE8E1A2000571EC /* Resources */ = {
			isa = PBXResourcesBuildPhase;
			buildActionMask = 2147483647;
			files = (
			);
			runOnlyForDeploymentPostprocessing = 0;
		};
		4C6414251DE8E1A2000571EC /* Resources */ = {
			isa = PBXResourcesBuildPhase;
			buildActionMask = 2147483647;
			files = (
			);
			runOnlyForDeploymentPostprocessing = 0;
		};
/* End PBXResourcesBuildPhase section */

/* Begin PBXSourcesBuildPhase section */
		4C6414041DE8E1A1000571EC /* Sources */ = {
			isa = PBXSourcesBuildPhase;
			buildActionMask = 2147483647;
			files = (
				4C64140E1DE8E1A2000571EC /* ViewController.swift in Sources */,
				4C64140C1DE8E1A2000571EC /* AppDelegate.swift in Sources */,
			);
			runOnlyForDeploymentPostprocessing = 0;
		};
		4C6414181DE8E1A2000571EC /* Sources */ = {
			isa = PBXSourcesBuildPhase;
			buildActionMask = 2147483647;
			files = (
				4C6414211DE8E1A2000571EC /* Tour_HarvardTests.swift in Sources */,
			);
			runOnlyForDeploymentPostprocessing = 0;
		};
		4C6414231DE8E1A2000571EC /* Sources */ = {
			isa = PBXSourcesBuildPhase;
			buildActionMask = 2147483647;
			files = (
				4C64142C1DE8E1A2000571EC /* Tour_HarvardUITests.swift in Sources */,
			);
			runOnlyForDeploymentPostprocessing = 0;
		};
/* End PBXSourcesBuildPhase section */

/* Begin PBXTargetDependency section */
		4C64141E1DE8E1A2000571EC /* PBXTargetDependency */ = {
			isa = PBXTargetDependency;
			target = 4C6414071DE8E1A1000571EC /* Tour Harvard */;
			targetProxy = 4C64141D1DE8E1A2000571EC /* PBXContainerItemProxy */;
		};
		4C6414291DE8E1A2000571EC /* PBXTargetDependency */ = {
			isa = PBXTargetDependency;
			target = 4C6414071DE8E1A1000571EC /* Tour Harvard */;
			targetProxy = 4C6414281DE8E1A2000571EC /* PBXContainerItemProxy */;
		};
/* End PBXTargetDependency section */

/* Begin PBXVariantGroup section */
		4C64140F1DE8E1A2000571EC /* Main.storyboard */ = {
			isa = PBXVariantGroup;
			children = (
				4C6414101DE8E1A2000571EC /* Base */,
			);
			name = Main.storyboard;
			sourceTree = "<group>";
		};
		4C6414141DE8E1A2000571EC /* LaunchScreen.storyboard */ = {
			isa = PBXVariantGroup;
			children = (
				4C6414151DE8E1A2000571EC /* Base */,
			);
			name = LaunchScreen.storyboard;
			sourceTree = "<group>";
		};
/* End PBXVariantGroup section */

/* Begin XCBuildConfiguration section */
		4C64142E1DE8E1A2000571EC /* Debug */ = {
			isa = XCBuildConfiguration;
			buildSettings = {
				ALWAYS_SEARCH_USER_PATHS = NO;
				CLANG_ANALYZER_NONNULL = YES;
				CLANG_CXX_LANGUAGE_STANDARD = "gnu++0x";
				CLANG_CXX_LIBRARY = "libc++";
				CLANG_ENABLE_MODULES = YES;
				CLANG_ENABLE_OBJC_ARC = YES;
				CLANG_WARN_BOOL_CONVERSION = YES;
				CLANG_WARN_CONSTANT_CONVERSION = YES;
				CLANG_WARN_DIRECT_OBJC_ISA_USAGE = YES_ERROR;
				CLANG_WARN_DOCUMENTATION_COMMENTS = YES;
				CLANG_WARN_EMPTY_BODY = YES;
				CLANG_WARN_ENUM_CONVERSION = YES;
				CLANG_WARN_INFINITE_RECURSION = YES;
				CLANG_WARN_INT_CONVERSION = YES;
				CLANG_WARN_OBJC_ROOT_CLASS = YES_ERROR;
				CLANG_WARN_SUSPICIOUS_MOVES = YES;
				CLANG_WARN_UNREACHABLE_CODE = YES;
				CLANG_WARN__DUPLICATE_METHOD_MATCH = YES;
				"CODE_SIGN_IDENTITY[sdk=iphoneos*]" = "iPhone Developer";
				COPY_PHASE_STRIP = NO;
				DEBUG_INFORMATION_FORMAT = dwarf;
				ENABLE_STRICT_OBJC_MSGSEND = YES;
				ENABLE_TESTABILITY = YES;
				GCC_C_LANGUAGE_STANDARD = gnu99;
				GCC_DYNAMIC_NO_PIC = NO;
				GCC_NO_COMMON_BLOCKS = YES;
				GCC_OPTIMIZATION_LEVEL = 0;
				GCC_PREPROCESSOR_DEFINITIONS = (
					"DEBUG=1",
					"$(inherited)",
				);
				GCC_WARN_64_TO_32_BIT_CONVERSION = YES;
				GCC_WARN_ABOUT_RETURN_TYPE = YES_ERROR;
				GCC_WARN_UNDECLARED_SELECTOR = YES;
				GCC_WARN_UNINITIALIZED_AUTOS = YES_AGGRESSIVE;
				GCC_WARN_UNUSED_FUNCTION = YES;
				GCC_WARN_UNUSED_VARIABLE = YES;
				IPHONEOS_DEPLOYMENT_TARGET = 10.1;
				MTL_ENABLE_DEBUG_INFO = YES;
				ONLY_ACTIVE_ARCH = YES;
				SDKROOT = iphoneos;
				SWIFT_ACTIVE_COMPILATION_CONDITIONS = DEBUG;
				SWIFT_OPTIMIZATION_LEVEL = "-Onone";
				TARGETED_DEVICE_FAMILY = "1,2";
			};
			name = Debug;
		};
		4C64142F1DE8E1A2000571EC /* Release */ = {
			isa = XCBuildConfiguration;
			buildSettings = {
				ALWAYS_SEARCH_USER_PATHS = NO;
				CLANG_ANALYZER_NONNULL = YES;
				CLANG_CXX_LANGUAGE_STANDARD = "gnu++0x";
				CLANG_CXX_LIBRARY = "libc++";
				CLANG_ENABLE_MODULES = YES;
				CLANG_ENABLE_OBJC_ARC = YES;
				CLANG_WARN_BOOL_CONVERSION = YES;
				CLANG_WARN_CONSTANT_CONVERSION = YES;
				CLANG_WARN_DIRECT_OBJC_ISA_USAGE = YES_ERROR;
				CLANG_WARN_DOCUMENTATION_COMMENTS = YES;
				CLANG_WARN_EMPTY_BODY = YES;
				CLANG_WARN_ENUM_CONVERSION = YES;
				CLANG_WARN_INFINITE_RECURSION = YES;
				CLANG_WARN_INT_CONVERSION = YES;
				CLANG_WARN_OBJC_ROOT_CLASS = YES_ERROR;
				CLANG_WARN_SUSPICIOUS_MOVES = YES;
				CLANG_WARN_UNREACHABLE_CODE = YES;
				CLANG_WARN__DUPLICATE_METHOD_MATCH = YES;
				"CODE_SIGN_IDENTITY[sdk=iphoneos*]" = "iPhone Developer";
				COPY_PHASE_STRIP = NO;
				DEBUG_INFORMATION_FORMAT = "dwarf-with-dsym";
				ENABLE_NS_ASSERTIONS = NO;
				ENABLE_STRICT_OBJC_MSGSEND = YES;
				GCC_C_LANGUAGE_STANDARD = gnu99;
				GCC_NO_COMMON_BLOCKS = YES;
				GCC_WARN_64_TO_32_BIT_CONVERSION = YES;
				GCC_WARN_ABOUT_RETURN_TYPE = YES_ERROR;
				GCC_WARN_UNDECLARED_SELECTOR = YES;
				GCC_WARN_UNINITIALIZED_AUTOS = YES_AGGRESSIVE;
				GCC_WARN_UNUSED_FUNCTION = YES;
				GCC_WARN_UNUSED_VARIABLE = YES;
				IPHONEOS_DEPLOYMENT_TARGET = 10.1;
				MTL_ENABLE_DEBUG_INFO = NO;
				SDKROOT = iphoneos;
				SWIFT_OPTIMIZATION_LEVEL = "-Owholemodule";
				TARGETED_DEVICE_FAMILY = "1,2";
				VALIDATE_PRODUCT = YES;
			};
			name = Release;
		};
		4C6414311DE8E1A2000571EC /* Debug */ = {
			isa = XCBuildConfiguration;
			buildSettings = {
				ASSETCATALOG_COMPILER_APPICON_NAME = AppIcon;
				INFOPLIST_FILE = "Tour Harvard/Info.plist";
				LD_RUNPATH_SEARCH_PATHS = "$(inherited) @executable_path/Frameworks";
				PRODUCT_BUNDLE_IDENTIFIER = "cs50.Tour-Harvard";
				PRODUCT_NAME = "$(TARGET_NAME)";
				SWIFT_VERSION = 3.0;
			};
			name = Debug;
		};
		4C6414321DE8E1A2000571EC /* Release */ = {
			isa = XCBuildConfiguration;
			buildSettings = {
				ASSETCATALOG_COMPILER_APPICON_NAME = AppIcon;
				INFOPLIST_FILE = "Tour Harvard/Info.plist";
				LD_RUNPATH_SEARCH_PATHS = "$(inherited) @executable_path/Frameworks";
				PRODUCT_BUNDLE_IDENTIFIER = "cs50.Tour-Harvard";
				PRODUCT_NAME = "$(TARGET_NAME)";
				SWIFT_VERSION = 3.0;
			};
			name = Release;
		};
		4C6414341DE8E1A2000571EC /* Debug */ = {
			isa = XCBuildConfiguration;
			buildSettings = {
				ALWAYS_EMBED_SWIFT_STANDARD_LIBRARIES = YES;
				BUNDLE_LOADER = "$(TEST_HOST)";
				INFOPLIST_FILE = "Tour HarvardTests/Info.plist";
				LD_RUNPATH_SEARCH_PATHS = "$(inherited) @executable_path/Frameworks @loader_path/Frameworks";
				PRODUCT_BUNDLE_IDENTIFIER = "cs50.Tour-HarvardTests";
				PRODUCT_NAME = "$(TARGET_NAME)";
				SWIFT_VERSION = 3.0;
				TEST_HOST = "$(BUILT_PRODUCTS_DIR)/Tour Harvard.app/Tour Harvard";
			};
			name = Debug;
		};
		4C6414351DE8E1A2000571EC /* Release */ = {
			isa = XCBuildConfiguration;
			buildSettings = {
				ALWAYS_EMBED_SWIFT_STANDARD_LIBRARIES = YES;
				BUNDLE_LOADER = "$(TEST_HOST)";
				INFOPLIST_FILE = "Tour HarvardTests/Info.plist";
				LD_RUNPATH_SEARCH_PATHS = "$(inherited) @executable_path/Frameworks @loader_path/Frameworks";
				PRODUCT_BUNDLE_IDENTIFIER = "cs50.Tour-HarvardTests";
				PRODUCT_NAME = "$(TARGET_NAME)";
				SWIFT_VERSION = 3.0;
				TEST_HOST = "$(BUILT_PRODUCTS_DIR)/Tour Harvard.app/Tour Harvard";
			};
			name = Release;
		};
		4C6414371DE8E1A2000571EC /* Debug */ = {
			isa = XCBuildConfiguration;
			buildSettings = {
				ALWAYS_EMBED_SWIFT_STANDARD_LIBRARIES = YES;
				INFOPLIST_FILE = "Tour HarvardUITests/Info.plist";
				LD_RUNPATH_SEARCH_PATHS = "$(inherited) @executable_path/Frameworks @loader_path/Frameworks";
				PRODUCT_BUNDLE_IDENTIFIER = "cs50.Tour-HarvardUITests";
				PRODUCT_NAME = "$(TARGET_NAME)";
				SWIFT_VERSION = 3.0;
				TEST_TARGET_NAME = "Tour Harvard";
			};
			name = Debug;
		};
		4C6414381DE8E1A2000571EC /* Release */ = {
			isa = XCBuildConfiguration;
			buildSettings = {
				ALWAYS_EMBED_SWIFT_STANDARD_LIBRARIES = YES;
				INFOPLIST_FILE = "Tour HarvardUITests/Info.plist";
				LD_RUNPATH_SEARCH_PATHS = "$(inherited) @executable_path/Frameworks @loader_path/Frameworks";
				PRODUCT_BUNDLE_IDENTIFIER = "cs50.Tour-HarvardUITests";
				PRODUCT_NAME = "$(TARGET_NAME)";
				SWIFT_VERSION = 3.0;
				TEST_TARGET_NAME = "Tour Harvard";
			};
			name = Release;
		};
/* End XCBuildConfiguration section */

/* Begin XCConfigurationList section */
		4C6414031DE8E1A1000571EC /* Build configuration list for PBXProject "Tour Harvard" */ = {
			isa = XCConfigurationList;
			buildConfigurations = (
				4C64142E1DE8E1A2000571EC /* Debug */,
				4C64142F1DE8E1A2000571EC /* Release */,
			);
			defaultConfigurationIsVisible = 0;
			defaultConfigurationName = Release;
		};
		4C6414301DE8E1A2000571EC /* Build configuration list for PBXNativeTarget "Tour Harvard" */ = {
			isa = XCConfigurationList;
			buildConfigurations = (
				4C6414311DE8E1A2000571EC /* Debug */,
				4C6414321DE8E1A2000571EC /* Release */,
			);
			defaultConfigurationIsVisible = 0;
		};
		4C6414331DE8E1A2000571EC /* Build configuration list for PBXNativeTarget "Tour HarvardTests" */ = {
			isa = XCConfigurationList;
			buildConfigurations = (
				4C6414341DE8E1A2000571EC /* Debug */,
				4C6414351DE8E1A2000571EC /* Release */,
			);
			defaultConfigurationIsVisible = 0;
		};
		4C6414361DE8E1A2000571EC /* Build configuration list for PBXNativeTarget "Tour HarvardUITests" */ = {
			isa = XCConfigurationList;
			buildConfigurations = (
				4C6414371DE8E1A2000571EC /* Debug */,
				4C6414381DE8E1A2000571EC /* Release */,
			);
			defaultConfigurationIsVisible = 0;
		};
/* End XCConfigurationList section */
	};
	rootObject = 4C6414001DE8E1A1000571EC /* Project object */;
}
